
Microsoft Visual Studio Solution File, Format Version 12.00
# Visual Studio Version 17
VisualStudioVersion = 17.13.35931.197
MinimumVisualStudioVersion = 10.0.40219.1
Project("{8BC9CEB8-8B4A-11D0-8D11-00A0C91BC942}") = "WebServer", "WebServer\WebServer.vcxproj", "{9760642E-3FF0-4834-95FD-86D1BF154958}"
EndProject
Project("{8BC9CEB8-8B4A-11D0-8D11-00A0C91BC942}") = "Client_CPP", "Client_CPP\Client_CPP.vcxproj", "{D5C8B98E-3645-4B4C-9A06-56E79E0D2C61}"
EndProject
Project("{888888A0-9F3D-457C-B088-3A5042F75D52}") = "Client_PY", "Client_PY\Client_PY.pyproj", "{2688D7AF-A2BE-4863-A9B0-D7997210A1A7}"
EndProject
Global
	GlobalSection(SolutionConfigurationPlatforms) = preSolution
		Debug|Any CPU = Debug|Any CPU
		Debug|x64 = Debug|x64
		Debug|x86 = Debug|x86
		Release|Any CPU = Release|Any CPU
		Release|x64 = Release|x64
		Release|x86 = Release|x86
	EndGlobalSection
	GlobalSection(ProjectConfigurationPlatforms) = postSolution
		{9760642E-3FF0-4834-95FD-86D1BF154958}.Debug|Any CPU.ActiveCfg = Debug|x64
		{9760642E-3FF0-4834-95FD-86D1BF154958}.Debug|Any CPU.Build.0 = Debug|x64
		{9760642E-3FF0-4834-95FD-86D1BF154958}.Debug|x64.ActiveCfg = Debug|x64
		{9760642E-3FF0-4834-95FD-86D1BF154958}.Debug|x64.Build.0 = Debug|x64
		{9760642E-3FF0-4834-95FD-86D1BF154958}.Debug|x86.ActiveCfg = Debug|Win32
		{9760642E-3FF0-4834-95FD-86D1BF154958}.Debug|x86.Build.0 = Debug|Win32
		{9760642E-3FF0-4834-95FD-86D1BF154958}.Release|Any CPU.ActiveCfg = Release|x64
		{9760642E-3FF0-4834-95FD-86D1BF154958}.Release|Any CPU.Build.0 = Release|x64
		{9760642E-3FF0-4834-95FD-86D1BF154958}.Release|x64.ActiveCfg = Release|x64
		{9760642E-3FF0-4834-95FD-86D1BF154958}.Release|x64.Build.0 = Release|x64
		{9760642E-3FF0-4834-95FD-86D1BF154958}.Release|x86.ActiveCfg = Release|Win32
		{9760642E-3FF0-4834-95FD-86D1BF154958}.Release|x86.Build.0 = Release|Win32
		{D5C8B98E-3645-4B4C-9A06-56E79E0D2C61}.Debug|Any CPU.ActiveCfg = Debug|x64
		{D5C8B98E-3645-4B4C-9A06-56E79E0D2C61}.Debug|Any CPU.Build.0 = Debug|x64
		{D5C8B98E-3645-4B4C-9A06-56E79E0D2C61}.Debug|x64.ActiveCfg = Debug|x64
		{D5C8B98E-3645-4B4C-9A06-56E79E0D2C61}.Debug|x64.Build.0 = Debug|x64
		{D5C8B98E-3645-4B4C-9A06-56E79E0D2C61}.Debug|x86.ActiveCfg = Debug|Win32
		{D5C8B98E-3645-4B4C-9A06-56E79E0D2C61}.Debug|x86.Build.0 = Debug|Win32
		{D5C8B98E-3645-4B4C-9A06-56E79E0D2C61}.Release|Any CPU.ActiveCfg = Release|x64
		{D5C8B98E-3645-4B4C-9A06-56E79E0D2C61}.Release|Any CPU.Build.0 = Release|x64
		{D5C8B98E-3645-4B4C-9A06-56E79E0D2C61}.Release|x64.ActiveCfg = Release|x64
		{D5C8B98E-3645-4B4C-9A06-56E79E0D2C61}.Release|x64.Build.0 = Release|x64
		{D5C8B98E-3645-4B4C-9A06-56E79E0D2C61}.Release|x86.ActiveCfg = Release|Win32
		{D5C8B98E-3645-4B4C-9A06-56E79E0D2C61}.Release|x86.Build.0 = Release|Win32
		{2688D7AF-A2BE-4863-A9B0-D7997210A1A7}.Debug|Any CPU.ActiveCfg = Debug|Any CPU
		{2688D7AF-A2BE-4863-A9B0-D7997210A1A7}.Debug|x64.ActiveCfg = Debug|Any CPU
		{2688D7AF-A2BE-4863-A9B0-D7997210A1A7}.Debug|x86.ActiveCfg = Debug|Any CPU
		{2688D7AF-A2BE-4863-A9B0-D7997210A1A7}.Release|Any CPU.ActiveCfg = Release|Any CPU
		{2688D7AF-A2BE-4863-A9B0-D7997210A1A7}.Release|x64.ActiveCfg = Release|Any CPU
		{2688D7AF-A2BE-4863-A9B0-D7997210A1A7}.Release|x86.ActiveCfg = Release|Any CPU
	EndGlobalSection
	GlobalSection(SolutionProperties) = preSolution
		HideSolutionNode = FALSE
	EndGlobalSection
	GlobalSection(ExtensibilityGlobals) = postSolution
		SolutionGuid = {7A0E1A55-A16D-4682-B5E6-BD59A28D395A}
	EndGlobalSection
EndGlobal
